
Microsoft Visual Studio Solution File, Format Version 12.00
# Visual Studio Version 17
VisualStudioVersion = 17.3.32929.385
MinimumVisualStudioVersion = 10.0.40219.1
Project("{FAE04EC0-301F-11D3-BF4B-00C04F79EFBC}") = "DistanceApp", "DistanceApp\DistanceApp.csproj", "{59A6DE77-4067-4A5A-A536-CAA3230E913B}"
EndProject
Global
	GlobalSection(SolutionConfigurationPlatforms) = preSolution
		Debug|Any CPU = Debug|Any CPU
		Release|Any CPU = Release|Any CPU
	EndGlobalSection
	GlobalSection(ProjectConfigurationPlatforms) = postSolution
		{59A6DE77-4067-4A5A-A536-CAA3230E913B}.Debug|Any CPU.ActiveCfg = Debug|Any CPU
		{59A6DE77-4067-4A5A-A536-CAA3230E913B}.Debug|Any CPU.Build.0 = Debug|Any CPU
		{59A6DE77-4067-4A5A-A536-CAA3230E913B}.Release|Any CPU.ActiveCfg = Release|Any CPU
		{59A6DE77-4067-4A5A-A536-CAA3230E913B}.Release|Any CPU.Build.0 = Release|Any CPU
	EndGlobalSection
	GlobalSection(SolutionProperties) = preSolution
		HideSolutionNode = FALSE
	EndGlobalSection
	GlobalSection(ExtensibilityGlobals) = postSolution
		SolutionGuid = {51D6EF34-0500-4862-9F08-8E88C0C413BD}
	EndGlobalSection
EndGlobal
